PODS:
  - Flutter (1.0.0)
  - integration_test (0.0.1):
    - Flutter
  - Kingfisher (8.6.0)
  - media (0.0.1):
    - Flutter
    - Kingfisher (~> 8.6.0)

DEPENDENCIES:
  - Flutter (from `Flutter`)
  - integration_test (from `.symlinks/plugins/integration_test/ios`)
  - media (from `.symlinks/plugins/media/ios`)

SPEC REPOS:
  trunk:
    - Kingfisher

EXTERNAL SOURCES:
  Flutter:
    :path: Flutter
  integration_test:
    :path: ".symlinks/plugins/integration_test/ios"
  media:
    :path: ".symlinks/plugins/media/ios"

SPEC CHECKSUMS:
  Flutter: e0871f40cf51350855a761d2e70bf5af5b9b5de7
  integration_test: 4a889634ef21a45d28d50d622cf412dc6d9f586e
  Kingfisher: 64278f126a815d0e2d391cdf71311b85882c4de0
  media: 0a26b87416263d2a7f454080acd05d3f549d081b

PODFILE CHECKSUM: f8c2dcdfb50bb67645580d28a6bf814fca30bdec

COCOAPODS: 1.16.2
